
Microsoft Visual Studio Solution File, Format Version 12.00
# Visual Studio Version 17
VisualStudioVersion = 17.13.35828.75 d17.13
MinimumVisualStudioVersion = 10.0.40219.1
Project("{FAE04EC0-301F-11D3-BF4B-00C04F79EFBC}") = "TOO2", "TOO2.csproj", "{884E6EA4-A3B9-41CC-A3F3-2EF97F9C81FA}"
EndProject
Global
	GlobalSection(SolutionConfigurationPlatforms) = preSolution
		Debug|Any CPU = Debug|Any CPU
		Release|Any CPU = Release|Any CPU
	EndGlobalSection
	GlobalSection(ProjectConfigurationPlatforms) = postSolution
		{884E6EA4-A3B9-41CC-A3F3-2EF97F9C81FA}.Debug|Any CPU.ActiveCfg = Debug|Any CPU
		{884E6EA4-A3B9-41CC-A3F3-2EF97F9C81FA}.Debug|Any CPU.Build.0 = Debug|Any CPU
		{884E6EA4-A3B9-41CC-A3F3-2EF97F9C81FA}.Release|Any CPU.ActiveCfg = Release|Any CPU
		{884E6EA4-A3B9-41CC-A3F3-2EF97F9C81FA}.Release|Any CPU.Build.0 = Release|Any CPU
	EndGlobalSection
	GlobalSection(SolutionProperties) = preSolution
		HideSolutionNode = FALSE
	EndGlobalSection
	GlobalSection(ExtensibilityGlobals) = postSolution
		SolutionGuid = {A8F1ECC6-734D-4934-A36B-62E1E1CC1579}
	EndGlobalSection
EndGlobal
